#MicroXplorer Configuration settings - do not modify
PF7.GPIOParameters=GPIO_Label
Dma.SPI2_TX.2.PeriphInc=DMA_PINC_DISABLE
Dma.SPI2_TX.2.MemInc=DMA_MINC_ENABLE
RCC.USART1Freq_Value=64000000
RCC.SDADCPresc=RCC_SDADCSYSCLK_DIV16
VP_TIM17_VS_ClockSourceINT.Mode=Enable_Timer
SPI2.VirtualType=VM_SLAVE
VP_ADC1_TempSens_Input.Mode=IN-TempSens
SH.GPXTI14.0=GPIO_EXTI14
RCC.PLLCLKFreq_Value=64000000
PB14.GPIO_Label=DIB_MISO
SH.COMP_DAC21_group.0=DAC2_OUT1,DAC_OUT1
RCC.RTCFreq_Value=40000
PA6.GPIO_Label=U_SET\#1
PB6.GPIO_Label=OE\#2
RCC.HSEPLLFreq_Value=8000000
USART1.IPParameters=VirtualMode-Asynchronous
SH.S_TIM4_CH4.ConfNb=1
Dma.SPI2_RX.1.Mode=DMA_NORMAL
PA2.GPIOParameters=GPIO_Label
PC15-OSC32_OUT.GPIO_Label=CC\#2
PinOutPanel.RotationAngle=0
PF6.GPIO_Label=PWM\#2
RCC.SYSCLKSource=RCC_SYSCLKSOURCE_PLLCLK
TIM19.Channel-PWM\ Generation3\ CH3=TIM_CHANNEL_3
Dma.SPI2_RX.1.PeriphDataAlignment=DMA_PDATAALIGN_BYTE
SH.GPXTI7.ConfNb=1
NVIC.SVCall_IRQn=true\:0\:0\:false\:false\:true\:false\:false
NVIC.ADC1_IRQn=true\:0\:0\:false\:false\:true\:true\:true
Dma.TIM4_UP.3.Mode=DMA_NORMAL
SH.S_TIM16_CH1.ConfNb=1
PA4.Mode=IN4
PF7.Signal=GPXTI7
TIM2.IPParameters=Channel-PWM Generation1 CH1,Period,Pulse-PWM Generation1 CH1,Prescaler
RCC.APB2TimFreq_Value=64000000
PB6.Signal=GPIO_Output
Dma.ADC1.0.Direction=DMA_PERIPH_TO_MEMORY
ADC1.Channel-2\#ChannelRegularConversion=ADC_CHANNEL_TEMPSENSOR
PD8.Signal=SPI2_SCK
TIM17.IPParameters=Channel,Period
Dma.ADC1.0.MemDataAlignment=DMA_MDATAALIGN_WORD
RCC.USART3Freq_Value=32000000
NVIC.EXTI15_10_IRQn=true\:0\:0\:false\:false\:true\:true\:true
ProjectManager.ProjectBuild=false
NVIC.UsageFault_IRQn=true\:0\:0\:false\:false\:true\:false\:false
PB3.Mode=Trace_Asynchronous_SW
PB2.Signal=SDADC1_AIN4P
Dma.TIM4_UP.3.Direction=DMA_PERIPH_TO_MEMORY
TIM17.Channel=TIM_CHANNEL_1
SH.GPXTI7.0=GPIO_EXTI7
ProjectManager.FirmwarePackage=STM32Cube FW_F3 V1.11.0
MxDb.Version=DB.5.0.60
PB0.GPIOParameters=GPIO_Label
PA1.GPIOParameters=GPIO_Label
ProjectManager.BackupPrevious=false
PB14.Mode=Full_Duplex_Slave
PB1.GPIO_Label=I_MON\#1
Dma.ADC1.0.PeriphInc=DMA_PINC_DISABLE
PA0.Mode=IN0
PB6.Locked=true
NVIC.PendSV_IRQn=true\:0\:0\:false\:false\:true\:false\:false
TIM4.Period=639
VP_SDADC1_CONF0.Mode=ConfigZero
ProjectManager.HalAssertFull=false
ADC1.SamplingTime-0\#ChannelRegularConversion=ADC_SAMPLETIME_239CYCLES_5
PA0.Signal=ADC1_IN0
RCC.PLLMCOFreq_Value=32000000
Mcu.Package=LQFP48
PB9.Signal=S_TIM17_CH1
TIM2.Prescaler=0
PB1.Signal=SDADC1_AIN5P
SPI2.Mode=SPI_MODE_SLAVE
Dma.SPI2_TX.2.Mode=DMA_NORMAL
VP_SYS_VS_Systick.Signal=SYS_VS_Systick
PA10.Signal=USART1_RX
PA5.GPIOParameters=GPIO_Label
Dma.SPI2_RX.1.Instance=DMA1_Channel4
PF7.Locked=true
PB14.GPIOParameters=GPIO_Label
SH.GPXTI14.ConfNb=1
RCC.I2CFreq_Value=8000000
RCC.CECFreq_Value=32786.88524590164
RCC.APB1TimFreq_Value=64000000
NVIC.BusFault_IRQn=true\:0\:0\:false\:false\:true\:false\:false
NVIC.DMA1_Channel4_IRQn=true\:0\:0\:false\:false\:true\:false\:true
TIM16.Prescaler=0
PC15-OSC32_OUT.GPIOParameters=GPIO_Label,GPIO_ModeDefaultEXTI
TIM4.Channel-PWM\ Generation4\ CH4=TIM_CHANNEL_4
PA4.GPIO_Label=TEMP\#2
ProjectManager.CustomerFirmwarePackage=
PA6.GPIOParameters=GPIO_Label
SDADC1.InputMode0=SDADC_INPUT_MODE_SE_ZERO_REFERENCE
NVIC.EXTI4_IRQn=true\:0\:0\:false\:false\:true\:true\:true
ProjectManager.ProjectFileName=dcm224-firmware.ioc
Dma.ADC1.0.Instance=DMA1_Channel1
ADC1.Rank-0\#ChannelRegularConversion=1
PA15.GPIOParameters=GPIO_Label
Mcu.PinsNb=39
ADC1.IPParameters=Rank-0\#ChannelRegularConversion,Channel-0\#ChannelRegularConversion,SamplingTime-0\#ChannelRegularConversion,NbrOfConversionFlag,master,Rank-1\#ChannelRegularConversion,Channel-1\#ChannelRegularConversion,SamplingTime-1\#ChannelRegularConversion,Rank-2\#ChannelRegularConversion,Channel-2\#ChannelRegularConversion,SamplingTime-2\#ChannelRegularConversion,NbrOfConversion,ContinuousConvMode,DiscontinuousConvMode
PC13.Locked=true
SDADC1.InputMode1=SDADC_INPUT_MODE_SE_ZERO_REFERENCE
PC13.Signal=GPIO_Output
PA11.GPIO_Label=DIB_CSA
SH.S_TIM16_CH1.0=TIM16_CH1,PWM Generation1 CH1
VP_TIM16_VS_ClockSourceINT.Mode=Enable_Timer
Dma.TIM2_UP.4.RequestParameters=Instance,Direction,PeriphInc,MemInc,PeriphDataAlignment,MemDataAlignment,Mode,Priority
RCC.APB1CLKDivider=RCC_HCLK_DIV2
PC14-OSC32_IN.Signal=GPXTI14
VP_TIM17_VS_ClockSourceINT.Signal=TIM17_VS_ClockSourceINT
SH.S_TIM2_CH1_ETR.ConfNb=1
Dma.TIM2_UP.4.Instance=DMA1_Channel2
PE8.Mode=IN8-Single-Ended zero reference
PB8.GPIO_Label=I_SET\#1
PA15.Locked=true
PC15-OSC32_OUT.Locked=true
TIM4.IPParameters=Channel-PWM Generation4 CH4,Period,Pulse-PWM Generation4 CH4,Prescaler
RCC.SDADCoutputFreq_Value=4000000
VP_CRC_VS_CRC.Signal=CRC_VS_CRC
PE8.GPIO_Label=I_MON\#2
Dma.ADC1.0.Priority=DMA_PRIORITY_LOW
SDADC1.NbrOfConversionFlag=1
PA9.Signal=USART1_TX
PB5.Locked=true
PB4.GPIO_PuPd=GPIO_PULLUP
PD8.Mode=Full_Duplex_Slave
PB14.Signal=SPI2_MISO
PA5.Signal=COMP_DAC12_group
VP_SDADC1_CONF0.Signal=SDADC1_CONF0
VP_SDADC1_CONF1.Signal=SDADC1_CONF1
ProjectManager.LastFirmware=true
TIM4.Pulse-PWM\ Generation4\ CH4=320
PC14-OSC32_IN.GPIO_ModeDefaultEXTI=GPIO_MODE_IT_RISING_FALLING
TIM19.Pulse-PWM\ Generation2\ CH2=64
Mcu.Pin37=VP_TIM16_VS_ClockSourceINT
PB4.GPIO_Label=PWRGOOD
Mcu.Pin38=VP_TIM17_VS_ClockSourceINT
SH.S_TIM19_CH3.0=TIM19_CH3,PWM Generation3 CH3
PB15.GPIO_Label=DIB_MOSI
Mcu.Pin35=VP_SDADC1_CONF1
RCC.I2C1Freq_Value=8000000
PE8.Signal=SDADC1_AIN8P
Mcu.Pin36=VP_SYS_VS_Systick
TIM19.Period=128
VP_SDADC1_CONF1.Mode=ConfigUn
VP_ADC1_TempSens_Input.Signal=ADC1_TempSens_Input
Mcu.Pin30=PB8
PA1.GPIO_Label=CC_LED\#2
TIM19.IPParameters=Channel-PWM Generation2 CH2,Channel-PWM Generation3 CH3,Pulse-PWM Generation2 CH2,Pulse-PWM Generation3 CH3,OCPolarity_3,Period
Mcu.Pin33=VP_CRC_VS_CRC
Mcu.Pin34=VP_SDADC1_CONF0
Mcu.Pin31=PB9
Mcu.Pin32=VP_ADC1_TempSens_Input
Dma.TIM2_UP.4.Mode=DMA_NORMAL
VP_TIM16_VS_ClockSourceINT.Signal=TIM16_VS_ClockSourceINT
NVIC.NonMaskableInt_IRQn=true\:0\:0\:false\:false\:true\:false\:false
TIM2.Period=639
PA13.Mode=Trace_Asynchronous_SW
ProjectManager.FreePins=false
Mcu.Pin26=PB4
Mcu.Pin27=PB5
RCC.RTCHSEDivFreq_Value=500000
Mcu.Pin24=PA15
ProjectManager.UnderRoot=true
Mcu.Pin25=PB3
RCC.HSICECFreq_Value=32786.88524590164
Mcu.Pin28=PB6
Mcu.Pin29=PB7
PB4.Locked=true
ADC1.SamplingTime-1\#ChannelRegularConversion=ADC_SAMPLETIME_239CYCLES_5
PA4.Signal=ADC1_IN4
PB5.Signal=GPIO_Output
Mcu.Pin22=PF7
Mcu.Pin23=PA14
Mcu.Pin20=PA13
ADC1.master=1
Mcu.Pin21=PF6
PA5.GPIO_Label=U_SET\#2
NVIC.ForceEnableDMAVector=true
NVIC.MemoryManagement_IRQn=true\:0\:0\:false\:false\:true\:false\:false
ProjectManager.CompilerOptimize=6
ADC1.Rank-1\#ChannelRegularConversion=2
PA11.Signal=SPI2_NSS
SH.S_TIM2_CH1_ETR.0=TIM2_CH1,PWM Generation1 CH1
ProjectManager.HeapSize=0x200
PA0.GPIOParameters=GPIO_Label
Mcu.Pin15=PD8
NVIC.HardFault_IRQn=true\:0\:0\:false\:false\:true\:false\:false
PB1.Mode=IN5-Single-Ended zero reference
Mcu.Pin16=PA9
Mcu.Pin13=PB14
Mcu.Pin14=PB15
Mcu.Pin19=PA12
SH.GPXTI15.ConfNb=1
SH.S_TIM19_CH2.0=TIM19_CH2,PWM Generation2 CH2
ProjectManager.ComputerToolchain=false
Mcu.Pin17=PA10
Mcu.Pin18=PA11
Dma.TIM4_UP.3.MemInc=DMA_MINC_ENABLE
SH.S_TIM17_CH1.0=TIM17_CH1,PWM Generation1 CH1
NVIC.PriorityGroup=NVIC_PRIORITYGROUP_4
Mcu.Pin11=PB2
Mcu.Pin12=PE8
Mcu.Pin10=PB1
RCC.PWRFreq_Value=64000000
SPI2.DataSize=SPI_DATASIZE_8BIT
NVIC.DMA1_Channel1_IRQn=true\:0\:0\:false\:false\:true\:false\:true
PB0.Signal=SDADC1_AIN6P
Dma.SPI2_RX.1.MemInc=DMA_MINC_ENABLE
Mcu.Family=STM32F3
TIM19.Pulse-PWM\ Generation3\ CH3=64
ProjectManager.MainLocation=Src
RCC.MCOFreq_Value=64000000
SPI2.VirtualNSS=VM_NSSHARD
Dma.SPI2_RX.1.MemDataAlignment=DMA_MDATAALIGN_BYTE
RCC.CortexFreq_Value=64000000
NVIC.DMA1_Channel5_IRQn=true\:0\:0\:false\:false\:true\:false\:true
Dma.SPI2_RX.1.RequestParameters=Instance,Direction,PeriphInc,MemInc,PeriphDataAlignment,MemDataAlignment,Mode,Priority
ProjectManager.KeepUserCode=true
Mcu.UserName=STM32F373C8Tx
ADC1.ContinuousConvMode=DISABLE
PB4.GPIO_ModeDefaultEXTI=GPIO_MODE_IT_RISING_FALLING
SH.COMP_DAC12_group.0=DAC1_OUT2,Enable_DAC_OUT2
SH.S_TIM17_CH1.ConfNb=1
PA0.GPIO_Label=TEMP\#1
PA12.GPIOParameters=PinState,GPIO_Label
Dma.TIM2_UP.4.PeriphInc=DMA_PINC_DISABLE
ProjectManager.functionlistsort=1-MX_GPIO_Init-GPIO-false-HAL-true,2-MX_DMA_Init-DMA-false-HAL-true,3-SystemClock_Config-RCC-false-HAL-false,4-MX_ADC1_Init-ADC1-false-HAL-true,5-MX_SDADC1_Init-SDADC1-false-HAL-true,6-MX_SPI2_Init-SPI2-false-HAL-true,7-MX_DAC1_Init-DAC1-false-HAL-true,8-MX_DAC2_Init-DAC2-false-HAL-true,9-MX_TIM16_Init-TIM16-false-HAL-true,10-MX_TIM17_Init-TIM17-false-HAL-true,11-MX_CRC_Init-CRC-false-HAL-true,12-MX_USART1_UART_Init-USART1-false-HAL-true,13-MX_TIM19_Init-TIM19-false-HAL-true,14-MX_TIM2_Init-TIM2-false-HAL-true,15-MX_TIM4_Init-TIM4-false-HAL-true
PA11.GPIOParameters=GPIO_Label
PA11.Mode=NSS_Signal_Hard_Input
PB0.GPIO_Label=U_MON\#1
RCC.USART2Freq_Value=32000000
PC13.GPIO_Label=CC_LED\#1
PB15.Signal=SPI2_MOSI
Dma.SPI2_RX.1.Direction=DMA_PERIPH_TO_MEMORY
ProjectManager.StackSize=0x400
PB5.GPIOParameters=GPIO_Label
Mcu.IP4=DMA
Dma.TIM2_UP.4.MemInc=DMA_MINC_ENABLE
Mcu.IP5=NVIC
RCC.FCLKCortexFreq_Value=64000000
Mcu.IP2=DAC1
Mcu.IP3=DAC2
PA15.GPIO_Label=PWM\#1
PB4.GPIOParameters=GPIO_PuPd,GPIO_Label,GPIO_ModeDefaultEXTI
Mcu.IP0=ADC1
PA12.Locked=true
Mcu.IP1=CRC
PA12.Signal=GPIO_Output
Mcu.UserConstants=
Mcu.ThirdPartyNb=0
RCC.HCLKFreq_Value=64000000
Mcu.IPNb=16
ProjectManager.PreviousToolchain=
SH.COMP_DAC12_group.ConfNb=1
Dma.SPI2_TX.2.PeriphDataAlignment=DMA_PDATAALIGN_BYTE
PD8.GPIOParameters=GPIO_Label
Mcu.Pin6=PA4
Mcu.Pin7=PA5
Mcu.Pin8=PA6
Mcu.Pin9=PB0
Dma.SPI2_TX.2.Instance=DMA1_Channel5
RCC.AHBFreq_Value=64000000
RCC.TIM2Freq_Value=64000000
Mcu.Pin0=PC13
Mcu.Pin1=PC14-OSC32_IN
GPIO.groupedBy=Group By Peripherals
Mcu.Pin2=PC15-OSC32_OUT
SH.S_TIM19_CH2.ConfNb=1
Mcu.Pin3=PA0
Mcu.Pin4=PA1
Mcu.Pin5=PA2
PA12.PinState=GPIO_PIN_SET
ADC1.Channel-0\#ChannelRegularConversion=ADC_CHANNEL_0
RCC.HSE_VALUE=16000000
NVIC.DebugMonitor_IRQn=true\:0\:0\:false\:false\:true\:false\:false
Mcu.IP10=TIM2
NVIC.SysTick_IRQn=true\:0\:0\:false\:false\:true\:false\:true
RCC.RCC_PLLsource_Clock_Source_FROM_HSE=RCC_HSE_PREDIV_DIV2
Mcu.IP12=TIM16
RCC.PLLMUL=RCC_PLL_MUL16
Mcu.IP11=TIM4
Dma.TIM2_UP.4.Direction=DMA_PERIPH_TO_MEMORY
TIM17.Period=1439
PC15-OSC32_OUT.GPIO_ModeDefaultEXTI=GPIO_MODE_IT_RISING_FALLING
SH.COMP_DAC21_group.ConfNb=1
ADC1.Rank-2\#ChannelRegularConversion=3
Mcu.IP14=TIM19
Mcu.IP13=TIM17
Mcu.IP15=USART1
PF7.GPIO_Label=DIB_SYNC
PA14.Mode=Trace_Asynchronous_SW
File.Version=6
PB7.Signal=S_TIM19_CH2
TIM2.Channel-PWM\ Generation1\ CH1=TIM_CHANNEL_1
Dma.SPI2_TX.2.MemDataAlignment=DMA_MDATAALIGN_BYTE
Dma.TIM2_UP.4.PeriphDataAlignment=DMA_PDATAALIGN_WORD
Dma.RequestsNb=5
PB6.GPIOParameters=GPIO_Label
PC14-OSC32_IN.GPIOParameters=GPIO_Label,GPIO_ModeDefaultEXTI
ProjectManager.ProjectName=dcm224-firmware
PB7.GPIO_Label=FSW\#1
PA6.Signal=COMP_DAC21_group
Dma.SPI2_TX.2.Priority=DMA_PRIORITY_LOW
RCC.ADCoutputFreq_Value=32000000
ProjectManager.ToolChainLocation=
PA2.GPIO_Label=FSW\#2
RCC.LSI_VALUE=40000
SDADC1.IPParameters=NbrOfConversionFlag,InputMode0,Gain0,ReferenceVoltage,Gain1,InputMode1
TIM19.OCPolarity_3=TIM_OCPOLARITY_LOW
PA15.Signal=S_TIM2_CH1_ETR
PB5.GPIO_Label=OE\#1
Dma.Request2=SPI2_TX
Dma.Request1=SPI2_RX
Dma.Request4=TIM2_UP
Dma.Request3=TIM4_UP
PC14-OSC32_IN.GPIO_Label=CC\#1
SPI2.Direction=SPI_DIRECTION_2LINES
Dma.SPI2_TX.2.RequestParameters=Instance,Direction,PeriphInc,MemInc,PeriphDataAlignment,MemDataAlignment,Mode,Priority
Dma.Request0=ADC1
Dma.TIM4_UP.3.Priority=DMA_PRIORITY_LOW
PC14-OSC32_IN.Locked=true
PB4.Signal=GPXTI4
PE8.GPIOParameters=GPIO_Label
PB8.GPIOParameters=GPIO_Label
PB9.GPIO_Label=I_SET\#2
PA10.Mode=Asynchronous
ProjectManager.NoMain=false
SH.S_TIM4_CH4.0=TIM4_CH4,PWM Generation4 CH4
Dma.TIM2_UP.4.Priority=DMA_PRIORITY_LOW
ADC1.DiscontinuousConvMode=DISABLE
ProjectManager.DefaultFWLocation=true
ProjectManager.DeletePrevious=true
RCC.HSIPLLFreq_Value=4000000
SH.S_TIM19_CH3.ConfNb=1
TIM16.Channel=TIM_CHANNEL_1
PA12.GPIO_Label=DIB_IRQ
ADC1.SamplingTime-2\#ChannelRegularConversion=ADC_SAMPLETIME_239CYCLES_5
RCC.FamilyName=M
Dma.TIM4_UP.3.PeriphDataAlignment=DMA_PDATAALIGN_HALFWORD
TIM2.Pulse-PWM\ Generation1\ CH1=320
PD8.GPIO_Label=DIB_SCK
PB9.GPIOParameters=GPIO_Label
USART1.VirtualMode-Asynchronous=VM_ASYNC
PA13.Signal=SYS_JTMS-SWDIO
Dma.TIM4_UP.3.Instance=DMA1_Channel7
Dma.ADC1.0.PeriphDataAlignment=DMA_PDATAALIGN_WORD
PA9.Mode=Asynchronous
PF6.Signal=S_TIM4_CH4
NVIC.DMA1_Channel2_IRQn=true\:0\:0\:false\:false\:true\:false\:true
ProjectManager.TargetToolchain=STM32CubeIDE
PF6.Locked=true
Dma.ADC1.0.Mode=DMA_NORMAL
Dma.SPI2_TX.2.Direction=DMA_MEMORY_TO_PERIPH
PB7.GPIOParameters=GPIO_Label
Dma.TIM4_UP.3.RequestParameters=Instance,Direction,PeriphInc,MemInc,PeriphDataAlignment,MemDataAlignment,Mode,Priority
PB2.GPIOParameters=GPIO_Label
Dma.TIM4_UP.3.PeriphInc=DMA_PINC_DISABLE
ADC1.Channel-1\#ChannelRegularConversion=ADC_CHANNEL_4
SPI2.IPParameters=VirtualType,Mode,Direction,VirtualNSS,DataSize
ProjectManager.RegisterCallBack=
RCC.USBFreq_Value=64000000
TIM4.Prescaler=0
RCC.LSE_VALUE=32768
PC15-OSC32_OUT.Signal=GPXTI15
PA1.Signal=GPIO_Output
SDADC1.ReferenceVoltage=SDADC_VREF_EXT
PB0.Mode=IN6-Single-Ended zero reference
board=custom
Dma.TIM4_UP.3.MemDataAlignment=DMA_MDATAALIGN_BYTE
PB15.Mode=Full_Duplex_Slave
RCC.VCOOutput2Freq_Value=4000000
Dma.ADC1.0.RequestParameters=Instance,Direction,PeriphInc,MemInc,PeriphDataAlignment,MemDataAlignment,Mode,Priority
TIM16.Period=1439
Dma.TIM2_UP.4.MemDataAlignment=DMA_MDATAALIGN_BYTE
RCC.APB2Freq_Value=64000000
MxCube.Version=5.6.1
Dma.SPI2_RX.1.Priority=DMA_PRIORITY_LOW
PC13.GPIOParameters=GPIO_Label
VP_SYS_VS_Systick.Mode=SysTick
PA4.GPIOParameters=GPIO_Label
PB15.GPIOParameters=GPIO_Label
ADC1.NbrOfConversion=3
RCC.IPParameters=ADCoutputFreq_Value,AHBFreq_Value,APB1CLKDivider,APB1Freq_Value,APB1TimFreq_Value,APB2Freq_Value,APB2TimFreq_Value,CECFreq_Value,CortexFreq_Value,FCLKCortexFreq_Value,FamilyName,HCLKFreq_Value,HSEPLLFreq_Value,HSE_VALUE,HSICECFreq_Value,HSIPLLFreq_Value,HSI_VALUE,I2C1Freq_Value,I2CFreq_Value,LSE_VALUE,LSI_VALUE,MCOFreq_Value,PLLCLKFreq_Value,PLLMCOFreq_Value,PLLMUL,PWRFreq_Value,RCC_PLLsource_Clock_Source_FROM_HSE,RTCFreq_Value,RTCHSEDivFreq_Value,SDADCPresc,SDADCoutputFreq_Value,SYSCLKFreq_VALUE,SYSCLKSource,TIM2Freq_Value,USART1Freq_Value,USART2Freq_Value,USART3Freq_Value,USBFreq_Value,VCOOutput2Freq_Value
ProjectManager.AskForMigrate=true
Mcu.Name=STM32F373C(8-B-C)Tx
Dma.SPI2_RX.1.PeriphInc=DMA_PINC_DISABLE
PA2.Signal=S_TIM19_CH3
Mcu.IP8=SPI2
Mcu.IP9=SYS
Mcu.IP6=RCC
Mcu.IP7=SDADC1
ProjectManager.CoupleFile=false
PB3.Signal=SYS_JTDO-TRACESWO
RCC.SYSCLKFreq_VALUE=64000000
PA1.Locked=true
SH.GPXTI4.0=GPIO_EXTI4
KeepUserPlacement=false
SDADC1.Gain0=SDADC_GAIN_1
SDADC1.Gain1=SDADC_GAIN_2
PB2.Mode=IN4-Single-Ended zero reference
NVIC.EXTI9_5_IRQn=true\:0\:0\:false\:false\:true\:true\:true
PA14.Signal=SYS_JTCK-SWCLK
Dma.ADC1.0.MemInc=DMA_MINC_ENABLE
PB2.GPIO_Label=U_MON\#2
PF6.GPIOParameters=GPIO_Label
SH.GPXTI4.ConfNb=1
RCC.HSI_VALUE=8000000
TIM19.Channel-PWM\ Generation2\ CH2=TIM_CHANNEL_2
ADC1.NbrOfConversionFlag=1
SH.GPXTI15.0=GPIO_EXTI15
PB8.Signal=S_TIM16_CH1
NVIC.DMA1_Channel7_IRQn=true\:0\:0\:false\:false\:true\:false\:true
TIM16.IPParameters=Channel,Prescaler,Period
RCC.APB1Freq_Value=32000000
VP_CRC_VS_CRC.Mode=CRC_Activate
ProjectManager.DeviceId=STM32F373C8Tx
ProjectManager.LibraryCopy=1
PB1.GPIOParameters=GPIO_Label
